
Microsoft Visual Studio Solution File, Format Version 12.00
# Visual Studio 2012
Project("{FAE04EC0-301F-11D3-BF4B-00C04F79EFBC}") = "UmanoSlidingUpPanelAndroid", "UmanoSlidingUpPanelAndroid\UmanoSlidingUpPanelAndroid.csproj", "{30A1B5D7-9E1D-4580-81C3-3D78F652FE61}"
EndProject
Global
	GlobalSection(SolutionConfigurationPlatforms) = preSolution
		Debug|Any CPU = Debug|Any CPU
		Release|Any CPU = Release|Any CPU
	EndGlobalSection
	GlobalSection(ProjectConfigurationPlatforms) = postSolution
		{30A1B5D7-9E1D-4580-81C3-3D78F652FE61}.Debug|Any CPU.ActiveCfg = Debug|Any CPU
		{30A1B5D7-9E1D-4580-81C3-3D78F652FE61}.Debug|Any CPU.Build.0 = Debug|Any CPU
		{30A1B5D7-9E1D-4580-81C3-3D78F652FE61}.Release|Any CPU.ActiveCfg = Release|Any CPU
		{30A1B5D7-9E1D-4580-81C3-3D78F652FE61}.Release|Any CPU.Build.0 = Release|Any CPU
	EndGlobalSection
EndGlobal
